{
  "name": "polygon-agent-kit",
  "version": "0.1.0",
  "lockfileVersion": 3,
  "requires": true,
  "packages": {
    "": {
      "name": "polygon-agent-kit",
      "version": "0.1.0",
      "dependencies": {
        "@0xsequence/abi": "3.0.0-beta.15",
        "@0xsequence/api": "3.0.0-beta.15",
        "@0xsequence/builder": "3.0.0-beta.15",
        "@0xsequence/dapp-client": "3.0.0-beta.15",
        "@0xsequence/indexer": "^2.3.40",
        "@0xsequence/network": "^2.3.40",
        "@0xsequence/relayer": "3.0.0-beta.15",
        "@0xsequence/wallet-core": "3.0.0-beta.15",
        "@0xsequence/wallet-primitives": "3.0.0-beta.15",
        "@0xsequence/wallet-wdk": "3.0.0-beta.15",
        "@0xtrails/api": "^0.10.4",
        "dotenv": "^16.4.5",
        "ethers": "^6.13.0",
        "tweetnacl": "^1.0.3",
        "tweetnacl-sealedbox-js": "^1.2.0",
        "viem": "^2.45.3"
      },
      "bin": {
        "polygon-agent": "cli/polygon-agent.mjs"
      },
      "engines": {
        "node": ">=20.0.0"
      }
    },
    "node_modules/@0xsequence/abi": {
      "version": "3.0.0-beta.15",
      "resolved": "https://registry.npmjs.org/@0xsequence/abi/-/abi-3.0.0-beta.15.tgz",
      "integrity": "sha512-596Utv5j8kXZW73dtGOIDdJC1kp0oW2myF5nzUaZ7cIGSS7DLUNMnTeV1wjvvBaQPLYhjab8U6zGbG//3FUQjA==",
      "license": "Apache-2.0"
    },
    "node_modules/@0xsequence/api": {
      "version": "3.0.0-beta.15",
      "resolved": "https://registry.npmjs.org/@0xsequence/api/-/api-3.0.0-beta.15.tgz",
      "integrity": "sha512-VuDDAZCHdSjcdrSwtRHWg4IrUKfKvZOm90fQGcspgRFYCstXl/U4P03IZRQbebSemHPcFIp24pbkABZCjcrJ4Q==",
      "license": "Apache-2.0"
    },
    "node_modules/@0xsequence/builder": {
      "version": "3.0.0-beta.15",
      "resolved": "https://registry.npmjs.org/@0xsequence/builder/-/builder-3.0.0-beta.15.tgz",
      "integrity": "sha512-Ei4+wiRHmIywauzFrpdieZ2kB/IvaUvifDdgeduJHRboLz9xUOdhPo3xdLrLpyTJWB/FSuaEu8MVT3uUNB4VhQ==",
      "license": "Apache-2.0"
    },
    "node_modules/@0xsequence/core": {
      "version": "2.3.40",
      "resolved": "https://registry.npmjs.org/@0xsequence/core/-/core-2.3.40.tgz",
      "integrity": "sha512-McFVesGidRNkp5GLRdG2QPcnyBOFBQPMfxptHWN2+EpbzFuYsFudVgLXwp492YKccbJutVwV44+ayZvJyYiihw==",
      "license": "Apache-2.0",
      "dependencies": {
        "@0xsequence/abi": "2.3.40",
        "@0xsequence/utils": "2.3.40"
      },
      "peerDependencies": {
        "ethers": ">=6"
      }
    },
    "node_modules/@0xsequence/core/node_modules/@0xsequence/abi": {
      "version": "2.3.40",
      "resolved": "https://registry.npmjs.org/@0xsequence/abi/-/abi-2.3.40.tgz",
      "integrity": "sha512-3kG+7RqIhKK1pjh2wjBnshjib1wX5epK7Qe3SDaraTVjiO9dBaxVwYy6OLv9YiQ6/tUr7fpXsTcaldoPieyJBA==",
      "license": "Apache-2.0"
    },
    "node_modules/@0xsequence/dapp-client": {
      "version": "3.0.0-beta.15",
      "resolved": "https://registry.npmjs.org/@0xsequence/dapp-client/-/dapp-client-3.0.0-beta.15.tgz",
      "integrity": "sha512-qa361qIgUTX8w6K2ls62JRGyyq8na/Dm0dv/ALww4ZR1uQVF8fhfdi1c+pozGfKp67mrq//d4U4ztYb3VYPYjg==",
      "license": "Apache-2.0",
      "dependencies": {
        "@0xsequence/guard": "^3.0.0-beta.15",
        "@0xsequence/relayer": "^3.0.0-beta.15",
        "@0xsequence/wallet-core": "^3.0.0-beta.15",
        "@0xsequence/wallet-primitives": "^3.0.0-beta.15",
        "ox": "^0.9.17"
      }
    },
    "node_modules/@0xsequence/dapp-client/node_modules/@adraffy/ens-normalize": {
      "version": "1.11.1",
      "resolved": "https://registry.npmjs.org/@adraffy/ens-normalize/-/ens-normalize-1.11.1.tgz",
      "integrity": "sha512-nhCBV3quEgesuf7c7KYfperqSS14T8bYuvJ8PcLJp6znkZpFc0AuW4qBtr8eKVyPPe/8RSr7sglCWPU5eaxwKQ==",
      "license": "MIT"
    },
    "node_modules/@0xsequence/dapp-client/node_modules/@noble/curves": {
      "version": "1.9.1",
      "resolved": "https://registry.npmjs.org/@noble/curves/-/curves-1.9.1.tgz",
      "integrity": "sha512-k11yZxZg+t+gWvBbIswW0yoJlu8cHOC7dhunwOzoWH/mXGBiYyR4YY6hAEK/3EUs4UpB8la1RfdRpeGsFHkWsA==",
      "license": "MIT",
      "dependencies": {
        "@noble/hashes": "1.8.0"
      },
      "engines": {
        "node": "^14.21.3 || >=16"
      },
      "funding": {
        "url": "https://paulmillr.com/funding/"
      }
    },
    "node_modules/@0xsequence/dapp-client/node_modules/@noble/hashes": {
      "version": "1.8.0",
      "resolved": "https://registry.npmjs.org/@noble/hashes/-/hashes-1.8.0.tgz",
      "integrity": "sha512-jCs9ldd7NwzpgXDIf6P3+NrHh9/sD6CQdxHyjQI+h/6rDNo88ypBxxz45UDuZHz9r3tNz7N/VInSVoVdtXEI4A==",
      "license": "MIT",
      "engines": {
        "node": "^14.21.3 || >=16"
      },
      "funding": {
        "url": "https://paulmillr.com/funding/"
      }
    },
    "node_modules/@0xsequence/dapp-client/node_modules/ox": {
      "version": "0.9.17",
      "resolved": "https://registry.npmjs.org/ox/-/ox-0.9.17.tgz",
      "integrity": "sha512-rKAnhzhRU3Xh3hiko+i1ZxywZ55eWQzeS/Q4HRKLx2PqfHOolisZHErSsJVipGlmQKHW5qwOED/GighEw9dbLg==",
      "funding": [
        {
          "type": "github",
          "url": "https://github.com/sponsors/wevm"
        }
      ],
      "license": "MIT",
      "dependencies": {
        "@adraffy/ens-normalize": "^1.11.0",
        "@noble/ciphers": "^1.3.0",
        "@noble/curves": "1.9.1",
        "@noble/hashes": "^1.8.0",
        "@scure/bip32": "^1.7.0",
        "@scure/bip39": "^1.6.0",
        "abitype": "^1.0.9",
        "eventemitter3": "5.0.1"
      },
      "peerDependencies": {
        "typescript": ">=5.4.0"
      },
      "peerDependenciesMeta": {
        "typescript": {
          "optional": true
        }
      }
    },
    "node_modules/@0xsequence/guard": {
      "version": "3.0.0-beta.15",
      "resolved": "https://registry.npmjs.org/@0xsequence/guard/-/guard-3.0.0-beta.15.tgz",
      "integrity": "sha512-4GDr98Jd8vX75sV/7+SRfCW/83+9el408TgjyGt/CbyaQo4/nXC4BDFrP1yCTjMRkJZ7fIK8elyy2kCIKHy1rQ==",
      "license": "Apache-2.0",
      "dependencies": {
        "ox": "^0.9.17"
      }
    },
    "node_modules/@0xsequence/guard/node_modules/@adraffy/ens-normalize": {
      "version": "1.11.1",
      "resolved": "https://registry.npmjs.org/@adraffy/ens-normalize/-/ens-normalize-1.11.1.tgz",
      "integrity": "sha512-nhCBV3quEgesuf7c7KYfperqSS14T8bYuvJ8PcLJp6znkZpFc0AuW4qBtr8eKVyPPe/8RSr7sglCWPU5eaxwKQ==",
      "license": "MIT"
    },
    "node_modules/@0xsequence/guard/node_modules/@noble/curves": {
      "version": "1.9.1",
      "resolved": "https://registry.npmjs.org/@noble/curves/-/curves-1.9.1.tgz",
      "integrity": "sha512-k11yZxZg+t+gWvBbIswW0yoJlu8cHOC7dhunwOzoWH/mXGBiYyR4YY6hAEK/3EUs4UpB8la1RfdRpeGsFHkWsA==",
      "license": "MIT",
      "dependencies": {
        "@noble/hashes": "1.8.0"
      },
      "engines": {
        "node": "^14.21.3 || >=16"
      },
      "funding": {
        "url": "https://paulmillr.com/funding/"
      }
    },
    "node_modules/@0xsequence/guard/node_modules/@noble/hashes": {
      "version": "1.8.0",
      "resolved": "https://registry.npmjs.org/@noble/hashes/-/hashes-1.8.0.tgz",
      "integrity": "sha512-jCs9ldd7NwzpgXDIf6P3+NrHh9/sD6CQdxHyjQI+h/6rDNo88ypBxxz45UDuZHz9r3tNz7N/VInSVoVdtXEI4A==",
      "license": "MIT",
      "engines": {
        "node": "^14.21.3 || >=16"
      },
      "funding": {
        "url": "https://paulmillr.com/funding/"
      }
    },
    "node_modules/@0xsequence/guard/node_modules/ox": {
      "version": "0.9.17",
      "resolved": "https://registry.npmjs.org/ox/-/ox-0.9.17.tgz",
      "integrity": "sha512-rKAnhzhRU3Xh3hiko+i1ZxywZ55eWQzeS/Q4HRKLx2PqfHOolisZHErSsJVipGlmQKHW5qwOED/GighEw9dbLg==",
      "funding": [
        {
          "type": "github",
          "url": "https://github.com/sponsors/wevm"
        }
      ],
      "license": "MIT",
      "dependencies": {
        "@adraffy/ens-normalize": "^1.11.0",
        "@noble/ciphers": "^1.3.0",
        "@noble/curves": "1.9.1",
        "@noble/hashes": "^1.8.0",
        "@scure/bip32": "^1.7.0",
        "@scure/bip39": "^1.6.0",
        "abitype": "^1.0.9",
        "eventemitter3": "5.0.1"
      },
      "peerDependencies": {
        "typescript": ">=5.4.0"
      },
      "peerDependenciesMeta": {
        "typescript": {
          "optional": true
        }
      }
    },
    "node_modules/@0xsequence/identity-instrument": {
      "version": "3.0.0-beta.15",
      "resolved": "https://registry.npmjs.org/@0xsequence/identity-instrument/-/identity-instrument-3.0.0-beta.15.tgz",
      "integrity": "sha512-ZYoWWINjaY8+zaK98DvikFV1VYMXvWJXbpt3yIiUftN99+fhFRI0nhlqFdINohjf6tpMmjU/OQF6uICZQzqX2A==",
      "license": "Apache-2.0",
      "dependencies": {
        "json-canonicalize": "^2.0.0",
        "jwt-decode": "^4.0.0",
        "ox": "^0.9.17"
      }
    },
    "node_modules/@0xsequence/identity-instrument/node_modules/@adraffy/ens-normalize": {
      "version": "1.11.1",
      "resolved": "https://registry.npmjs.org/@adraffy/ens-normalize/-/ens-normalize-1.11.1.tgz",
      "integrity": "sha512-nhCBV3quEgesuf7c7KYfperqSS14T8bYuvJ8PcLJp6znkZpFc0AuW4qBtr8eKVyPPe/8RSr7sglCWPU5eaxwKQ==",
      "license": "MIT"
    },
    "node_modules/@0xsequence/identity-instrument/node_modules/@noble/curves": {
      "version": "1.9.1",
      "resolved": "https://registry.npmjs.org/@noble/curves/-/curves-1.9.1.tgz",
      "integrity": "sha512-k11yZxZg+t+gWvBbIswW0yoJlu8cHOC7dhunwOzoWH/mXGBiYyR4YY6hAEK/3EUs4UpB8la1RfdRpeGsFHkWsA==",
      "license": "MIT",
      "dependencies": {
        "@noble/hashes": "1.8.0"
      },
      "engines": {
        "node": "^14.21.3 || >=16"
      },
      "funding": {
        "url": "https://paulmillr.com/funding/"
      }
    },
    "node_modules/@0xsequence/identity-instrument/node_modules/@noble/hashes": {
      "version": "1.8.0",
      "resolved": "https://registry.npmjs.org/@noble/hashes/-/hashes-1.8.0.tgz",
      "integrity": "sha512-jCs9ldd7NwzpgXDIf6P3+NrHh9/sD6CQdxHyjQI+h/6rDNo88ypBxxz45UDuZHz9r3tNz7N/VInSVoVdtXEI4A==",
      "license": "MIT",
      "engines": {
        "node": "^14.21.3 || >=16"
      },
      "funding": {
        "url": "https://paulmillr.com/funding/"
      }
    },
    "node_modules/@0xsequence/identity-instrument/node_modules/ox": {
      "version": "0.9.17",
      "resolved": "https://registry.npmjs.org/ox/-/ox-0.9.17.tgz",
      "integrity": "sha512-rKAnhzhRU3Xh3hiko+i1ZxywZ55eWQzeS/Q4HRKLx2PqfHOolisZHErSsJVipGlmQKHW5qwOED/GighEw9dbLg==",
      "funding": [
        {
          "type": "github",
          "url": "https://github.com/sponsors/wevm"
        }
      ],
      "license": "MIT",
      "dependencies": {
        "@adraffy/ens-normalize": "^1.11.0",
        "@noble/ciphers": "^1.3.0",
        "@noble/curves": "1.9.1",
        "@noble/hashes": "^1.8.0",
        "@scure/bip32": "^1.7.0",
        "@scure/bip39": "^1.6.0",
        "abitype": "^1.0.9",
        "eventemitter3": "5.0.1"
      },
      "peerDependencies": {
        "typescript": ">=5.4.0"
      },
      "peerDependenciesMeta": {
        "typescript": {
          "optional": true
        }
      }
    },
    "node_modules/@0xsequence/indexer": {
      "version": "2.3.40",
      "resolved": "https://registry.npmjs.org/@0xsequence/indexer/-/indexer-2.3.40.tgz",
      "integrity": "sha512-q4zpfg42p2XymMcSXE73VnVpvuz21uuJHChKjzrno1fsXhnHQIbrtAbrbJiqYXYHUL8KM96Et8wr6203ZJYMPQ==",
      "license": "Apache-2.0"
    },
    "node_modules/@0xsequence/network": {
      "version": "2.3.40",
      "resolved": "https://registry.npmjs.org/@0xsequence/network/-/network-2.3.40.tgz",
      "integrity": "sha512-gTwTi9OF/elGMRw7lGJzhSrfKH/y/p/vRMZ3+4UnnlOxuDGNxGo2Y/U3BGBBs4NkUv7iI7ZGd5Jmo+1MxIJtzg==",
      "license": "Apache-2.0",
      "dependencies": {
        "@0xsequence/core": "2.3.40",
        "@0xsequence/indexer": "2.3.40",
        "@0xsequence/relayer": "2.3.40",
        "@0xsequence/utils": "2.3.40"
      },
      "peerDependencies": {
        "ethers": ">=6"
      }
    },
    "node_modules/@0xsequence/network/node_modules/@0xsequence/abi": {
      "version": "2.3.40",
      "resolved": "https://registry.npmjs.org/@0xsequence/abi/-/abi-2.3.40.tgz",
      "integrity": "sha512-3kG+7RqIhKK1pjh2wjBnshjib1wX5epK7Qe3SDaraTVjiO9dBaxVwYy6OLv9YiQ6/tUr7fpXsTcaldoPieyJBA==",
      "license": "Apache-2.0"
    },
    "node_modules/@0xsequence/network/node_modules/@0xsequence/relayer": {
      "version": "2.3.40",
      "resolved": "https://registry.npmjs.org/@0xsequence/relayer/-/relayer-2.3.40.tgz",
      "integrity": "sha512-/KmXdwSBvLFpaZOaQ4tzhoJ76W7k0omeAUVk5qmUCihtAdzfBttVgQA4nMqo9suaEysG7H5q5QDvos07W1rZfg==",
      "license": "Apache-2.0",
      "dependencies": {
        "@0xsequence/abi": "2.3.40",
        "@0xsequence/core": "2.3.40",
        "@0xsequence/utils": "2.3.40"
      },
      "peerDependencies": {
        "ethers": ">=6"
      }
    },
    "node_modules/@0xsequence/relayer": {
      "version": "3.0.0-beta.15",
      "resolved": "https://registry.npmjs.org/@0xsequence/relayer/-/relayer-3.0.0-beta.15.tgz",
      "integrity": "sha512-TEmQgELJKJLWnSzDiAShZwWw0o5YstS3tNf7uaFcbslKcXvfcIagmiPVIITRh9DbeJbz7hUzcFFggLYgDFgKYg==",
      "license": "Apache-2.0",
      "dependencies": {
        "@0xsequence/wallet-primitives": "^3.0.0-beta.15",
        "mipd": "^0.0.7",
        "ox": "^0.9.17",
        "viem": "^2.40.3"
      }
    },
    "node_modules/@0xsequence/relayer/node_modules/@adraffy/ens-normalize": {
      "version": "1.11.1",
      "resolved": "https://registry.npmjs.org/@adraffy/ens-normalize/-/ens-normalize-1.11.1.tgz",
      "integrity": "sha512-nhCBV3quEgesuf7c7KYfperqSS14T8bYuvJ8PcLJp6znkZpFc0AuW4qBtr8eKVyPPe/8RSr7sglCWPU5eaxwKQ==",
      "license": "MIT"
    },
    "node_modules/@0xsequence/relayer/node_modules/@noble/curves": {
      "version": "1.9.1",
      "resolved": "https://registry.npmjs.org/@noble/curves/-/curves-1.9.1.tgz",
      "integrity": "sha512-k11yZxZg+t+gWvBbIswW0yoJlu8cHOC7dhunwOzoWH/mXGBiYyR4YY6hAEK/3EUs4UpB8la1RfdRpeGsFHkWsA==",
      "license": "MIT",
      "dependencies": {
        "@noble/hashes": "1.8.0"
      },
      "engines": {
        "node": "^14.21.3 || >=16"
      },
      "funding": {
        "url": "https://paulmillr.com/funding/"
      }
    },
    "node_modules/@0xsequence/relayer/node_modules/@noble/hashes": {
      "version": "1.8.0",
      "resolved": "https://registry.npmjs.org/@noble/hashes/-/hashes-1.8.0.tgz",
      "integrity": "sha512-jCs9ldd7NwzpgXDIf6P3+NrHh9/sD6CQdxHyjQI+h/6rDNo88ypBxxz45UDuZHz9r3tNz7N/VInSVoVdtXEI4A==",
      "license": "MIT",
      "engines": {
        "node": "^14.21.3 || >=16"
      },
      "funding": {
        "url": "https://paulmillr.com/funding/"
      }
    },
    "node_modules/@0xsequence/relayer/node_modules/ox": {
      "version": "0.9.17",
      "resolved": "https://registry.npmjs.org/ox/-/ox-0.9.17.tgz",
      "integrity": "sha512-rKAnhzhRU3Xh3hiko+i1ZxywZ55eWQzeS/Q4HRKLx2PqfHOolisZHErSsJVipGlmQKHW5qwOED/GighEw9dbLg==",
      "funding": [
        {
          "type": "github",
          "url": "https://github.com/sponsors/wevm"
        }
      ],
      "license": "MIT",
      "dependencies": {
        "@adraffy/ens-normalize": "^1.11.0",
        "@noble/ciphers": "^1.3.0",
        "@noble/curves": "1.9.1",
        "@noble/hashes": "^1.8.0",
        "@scure/bip32": "^1.7.0",
        "@scure/bip39": "^1.6.0",
        "abitype": "^1.0.9",
        "eventemitter3": "5.0.1"
      },
      "peerDependencies": {
        "typescript": ">=5.4.0"
      },
      "peerDependenciesMeta": {
        "typescript": {
          "optional": true
        }
      }
    },
    "node_modules/@0xsequence/tee-verifier": {
      "version": "0.1.2",
      "resolved": "https://registry.npmjs.org/@0xsequence/tee-verifier/-/tee-verifier-0.1.2.tgz",
      "integrity": "sha512-7sKr8/T4newknx6LAukjlRI3siGiGhBnZohz2Z3jX0zb0EBQdKUq0L//A7CPSckHFPxTg/QvQU2v8e9x9GfkDw==",
      "license": "Apache-2.0",
      "dependencies": {
        "cbor2": "^1.12.0",
        "pkijs": "^3.2.5"
      }
    },
    "node_modules/@0xsequence/utils": {
      "version": "2.3.40",
      "resolved": "https://registry.npmjs.org/@0xsequence/utils/-/utils-2.3.40.tgz",
      "integrity": "sha512-5igMrTQQbe1iqixt7t+ZcBatZ2dxHM/9VarGCtkYY2hU5ad0oGXS5pqDb+nWHxDhPAfShnNcpATCIcJmRtXTPw==",
      "license": "Apache-2.0",
      "dependencies": {
        "js-base64": "^3.7.2"
      },
      "peerDependencies": {
        "ethers": ">=6"
      }
    },
    "node_modules/@0xsequence/wallet-core": {
      "version": "3.0.0-beta.15",
      "resolved": "https://registry.npmjs.org/@0xsequence/wallet-core/-/wallet-core-3.0.0-beta.15.tgz",
      "integrity": "sha512-s+vTE9i/f55/71ZnFmqR69hKQgrCIctXr880pnHYck15sagnNeZxbS9IbDtfZpXWExQ/PPvd/ioB/bUPRjDmIQ==",
      "license": "Apache-2.0",
      "dependencies": {
        "@0xsequence/guard": "^3.0.0-beta.15",
        "@0xsequence/relayer": "^3.0.0-beta.15",
        "@0xsequence/wallet-primitives": "^3.0.0-beta.15",
        "mipd": "^0.0.7",
        "ox": "^0.9.17",
        "viem": "^2.40.3"
      }
    },
    "node_modules/@0xsequence/wallet-core/node_modules/@adraffy/ens-normalize": {
      "version": "1.11.1",
      "resolved": "https://registry.npmjs.org/@adraffy/ens-normalize/-/ens-normalize-1.11.1.tgz",
      "integrity": "sha512-nhCBV3quEgesuf7c7KYfperqSS14T8bYuvJ8PcLJp6znkZpFc0AuW4qBtr8eKVyPPe/8RSr7sglCWPU5eaxwKQ==",
      "license": "MIT"
    },
    "node_modules/@0xsequence/wallet-core/node_modules/@noble/curves": {
      "version": "1.9.1",
      "resolved": "https://registry.npmjs.org/@noble/curves/-/curves-1.9.1.tgz",
      "integrity": "sha512-k11yZxZg+t+gWvBbIswW0yoJlu8cHOC7dhunwOzoWH/mXGBiYyR4YY6hAEK/3EUs4UpB8la1RfdRpeGsFHkWsA==",
      "license": "MIT",
      "dependencies": {
        "@noble/hashes": "1.8.0"
      },
      "engines": {
        "node": "^14.21.3 || >=16"
      },
      "funding": {
        "url": "https://paulmillr.com/funding/"
      }
    },
    "node_modules/@0xsequence/wallet-core/node_modules/@noble/hashes": {
      "version": "1.8.0",
      "resolved": "https://registry.npmjs.org/@noble/hashes/-/hashes-1.8.0.tgz",
      "integrity": "sha512-jCs9ldd7NwzpgXDIf6P3+NrHh9/sD6CQdxHyjQI+h/6rDNo88ypBxxz45UDuZHz9r3tNz7N/VInSVoVdtXEI4A==",
      "license": "MIT",
      "engines": {
        "node": "^14.21.3 || >=16"
      },
      "funding": {
        "url": "https://paulmillr.com/funding/"
      }
    },
    "node_modules/@0xsequence/wallet-core/node_modules/ox": {
      "version": "0.9.17",
      "resolved": "https://registry.npmjs.org/ox/-/ox-0.9.17.tgz",
      "integrity": "sha512-rKAnhzhRU3Xh3hiko+i1ZxywZ55eWQzeS/Q4HRKLx2PqfHOolisZHErSsJVipGlmQKHW5qwOED/GighEw9dbLg==",
      "funding": [
        {
          "type": "github",
          "url": "https://github.com/sponsors/wevm"
        }
      ],
      "license": "MIT",
      "dependencies": {
        "@adraffy/ens-normalize": "^1.11.0",
        "@noble/ciphers": "^1.3.0",
        "@noble/curves": "1.9.1",
        "@noble/hashes": "^1.8.0",
        "@scure/bip32": "^1.7.0",
        "@scure/bip39": "^1.6.0",
        "abitype": "^1.0.9",
        "eventemitter3": "5.0.1"
      },
      "peerDependencies": {
        "typescript": ">=5.4.0"
      },
      "peerDependenciesMeta": {
        "typescript": {
          "optional": true
        }
      }
    },
    "node_modules/@0xsequence/wallet-primitives": {
      "version": "3.0.0-beta.15",
      "resolved": "https://registry.npmjs.org/@0xsequence/wallet-primitives/-/wallet-primitives-3.0.0-beta.15.tgz",
      "integrity": "sha512-Dx1auAUUpOAbuO4GqmX86vESM17xEI5l2XnM0sQz1cv4rotnLEcWiBivv1gMm9+xMn30pd5uU/vROgTNCbVZ/A==",
      "license": "Apache-2.0",
      "dependencies": {
        "ox": "^0.9.17"
      }
    },
    "node_modules/@0xsequence/wallet-primitives/node_modules/@adraffy/ens-normalize": {
      "version": "1.11.1",
      "resolved": "https://registry.npmjs.org/@adraffy/ens-normalize/-/ens-normalize-1.11.1.tgz",
      "integrity": "sha512-nhCBV3quEgesuf7c7KYfperqSS14T8bYuvJ8PcLJp6znkZpFc0AuW4qBtr8eKVyPPe/8RSr7sglCWPU5eaxwKQ==",
      "license": "MIT"
    },
    "node_modules/@0xsequence/wallet-primitives/node_modules/@noble/curves": {
      "version": "1.9.1",
      "resolved": "https://registry.npmjs.org/@noble/curves/-/curves-1.9.1.tgz",
      "integrity": "sha512-k11yZxZg+t+gWvBbIswW0yoJlu8cHOC7dhunwOzoWH/mXGBiYyR4YY6hAEK/3EUs4UpB8la1RfdRpeGsFHkWsA==",
      "license": "MIT",
      "dependencies": {
        "@noble/hashes": "1.8.0"
      },
      "engines": {
        "node": "^14.21.3 || >=16"
      },
      "funding": {
        "url": "https://paulmillr.com/funding/"
      }
    },
    "node_modules/@0xsequence/wallet-primitives/node_modules/@noble/hashes": {
      "version": "1.8.0",
      "resolved": "https://registry.npmjs.org/@noble/hashes/-/hashes-1.8.0.tgz",
      "integrity": "sha512-jCs9ldd7NwzpgXDIf6P3+NrHh9/sD6CQdxHyjQI+h/6rDNo88ypBxxz45UDuZHz9r3tNz7N/VInSVoVdtXEI4A==",
      "license": "MIT",
      "engines": {
        "node": "^14.21.3 || >=16"
      },
      "funding": {
        "url": "https://paulmillr.com/funding/"
      }
    },
    "node_modules/@0xsequence/wallet-primitives/node_modules/ox": {
      "version": "0.9.17",
      "resolved": "https://registry.npmjs.org/ox/-/ox-0.9.17.tgz",
      "integrity": "sha512-rKAnhzhRU3Xh3hiko+i1ZxywZ55eWQzeS/Q4HRKLx2PqfHOolisZHErSsJVipGlmQKHW5qwOED/GighEw9dbLg==",
      "funding": [
        {
          "type": "github",
          "url": "https://github.com/sponsors/wevm"
        }
      ],
      "license": "MIT",
      "dependencies": {
        "@adraffy/ens-normalize": "^1.11.0",
        "@noble/ciphers": "^1.3.0",
        "@noble/curves": "1.9.1",
        "@noble/hashes": "^1.8.0",
        "@scure/bip32": "^1.7.0",
        "@scure/bip39": "^1.6.0",
        "abitype": "^1.0.9",
        "eventemitter3": "5.0.1"
      },
      "peerDependencies": {
        "typescript": ">=5.4.0"
      },
      "peerDependenciesMeta": {
        "typescript": {
          "optional": true
        }
      }
    },
    "node_modules/@0xsequence/wallet-wdk": {
      "version": "3.0.0-beta.15",
      "resolved": "https://registry.npmjs.org/@0xsequence/wallet-wdk/-/wallet-wdk-3.0.0-beta.15.tgz",
      "integrity": "sha512-kvtmrV9jrmiHG1m1xkkt/21N6HzuTn06QSvlH2Fi+Vbyj9J6N23SiZ8pOljdQbchFcpGRnmMZxHTB53T648fcg==",
      "license": "Apache-2.0",
      "dependencies": {
        "@0xsequence/guard": "^3.0.0-beta.15",
        "@0xsequence/identity-instrument": "^3.0.0-beta.15",
        "@0xsequence/relayer": "^3.0.0-beta.15",
        "@0xsequence/tee-verifier": "^0.1.2",
        "@0xsequence/wallet-core": "^3.0.0-beta.15",
        "@0xsequence/wallet-primitives": "^3.0.0-beta.15",
        "idb": "^8.0.3",
        "jwt-decode": "^4.0.0",
        "ox": "^0.9.17",
        "uuid": "^13.0.0"
      }
    },
    "node_modules/@0xsequence/wallet-wdk/node_modules/@adraffy/ens-normalize": {
      "version": "1.11.1",
      "resolved": "https://registry.npmjs.org/@adraffy/ens-normalize/-/ens-normalize-1.11.1.tgz",
      "integrity": "sha512-nhCBV3quEgesuf7c7KYfperqSS14T8bYuvJ8PcLJp6znkZpFc0AuW4qBtr8eKVyPPe/8RSr7sglCWPU5eaxwKQ==",
      "license": "MIT"
    },
    "node_modules/@0xsequence/wallet-wdk/node_modules/@noble/curves": {
      "version": "1.9.1",
      "resolved": "https://registry.npmjs.org/@noble/curves/-/curves-1.9.1.tgz",
      "integrity": "sha512-k11yZxZg+t+gWvBbIswW0yoJlu8cHOC7dhunwOzoWH/mXGBiYyR4YY6hAEK/3EUs4UpB8la1RfdRpeGsFHkWsA==",
      "license": "MIT",
      "dependencies": {
        "@noble/hashes": "1.8.0"
      },
      "engines": {
        "node": "^14.21.3 || >=16"
      },
      "funding": {
        "url": "https://paulmillr.com/funding/"
      }
    },
    "node_modules/@0xsequence/wallet-wdk/node_modules/@noble/hashes": {
      "version": "1.8.0",
      "resolved": "https://registry.npmjs.org/@noble/hashes/-/hashes-1.8.0.tgz",
      "integrity": "sha512-jCs9ldd7NwzpgXDIf6P3+NrHh9/sD6CQdxHyjQI+h/6rDNo88ypBxxz45UDuZHz9r3tNz7N/VInSVoVdtXEI4A==",
      "license": "MIT",
      "engines": {
        "node": "^14.21.3 || >=16"
      },
      "funding": {
        "url": "https://paulmillr.com/funding/"
      }
    },
    "node_modules/@0xsequence/wallet-wdk/node_modules/ox": {
      "version": "0.9.17",
      "resolved": "https://registry.npmjs.org/ox/-/ox-0.9.17.tgz",
      "integrity": "sha512-rKAnhzhRU3Xh3hiko+i1ZxywZ55eWQzeS/Q4HRKLx2PqfHOolisZHErSsJVipGlmQKHW5qwOED/GighEw9dbLg==",
      "funding": [
        {
          "type": "github",
          "url": "https://github.com/sponsors/wevm"
        }
      ],
      "license": "MIT",
      "dependencies": {
        "@adraffy/ens-normalize": "^1.11.0",
        "@noble/ciphers": "^1.3.0",
        "@noble/curves": "1.9.1",
        "@noble/hashes": "^1.8.0",
        "@scure/bip32": "^1.7.0",
        "@scure/bip39": "^1.6.0",
        "abitype": "^1.0.9",
        "eventemitter3": "5.0.1"
      },
      "peerDependencies": {
        "typescript": ">=5.4.0"
      },
      "peerDependenciesMeta": {
        "typescript": {
          "optional": true
        }
      }
    },
    "node_modules/@0xtrails/api": {
      "version": "0.10.4",
      "resolved": "https://registry.npmjs.org/@0xtrails/api/-/api-0.10.4.tgz",
      "integrity": "sha512-jjGYCxWvZxoox2kzEjVJSgmuy9LBKSxs1ZcEkGageJ6ggvOlN4H35H6kSouDkycz5uTyRsH3O+4qW6nxy9niBQ==",
      "license": "Apache-2.0"
    },
    "node_modules/@adraffy/ens-normalize": {
      "version": "1.10.1",
      "resolved": "https://registry.npmjs.org/@adraffy/ens-normalize/-/ens-normalize-1.10.1.tgz",
      "integrity": "sha512-96Z2IP3mYmF1Xg2cDm8f1gWGf/HUVedQ3FMifV4kG/PQ4yEP51xDtRAEfhVNt5f/uzpNkZHwWQuUcu6D6K+Ekw==",
      "license": "MIT"
    },
    "node_modules/@noble/ciphers": {
      "version": "1.3.0",
      "resolved": "https://registry.npmjs.org/@noble/ciphers/-/ciphers-1.3.0.tgz",
      "integrity": "sha512-2I0gnIVPtfnMw9ee9h1dJG7tp81+8Ob3OJb3Mv37rx5L40/b0i7djjCVvGOVqc9AEIQyvyu1i6ypKdFw8R8gQw==",
      "license": "MIT",
      "engines": {
        "node": "^14.21.3 || >=16"
      },
      "funding": {
        "url": "https://paulmillr.com/funding/"
      }
    },
    "node_modules/@noble/curves": {
      "version": "1.2.0",
      "resolved": "https://registry.npmjs.org/@noble/curves/-/curves-1.2.0.tgz",
      "integrity": "sha512-oYclrNgRaM9SsBUBVbb8M6DTV7ZHRTKugureoYEncY5c65HOmRzvSiTE3y5CYaPYJA/GVkrhXEoF0M3Ya9PMnw==",
      "license": "MIT",
      "dependencies": {
        "@noble/hashes": "1.3.2"
      },
      "funding": {
        "url": "https://paulmillr.com/funding/"
      }
    },
    "node_modules/@noble/hashes": {
      "version": "1.3.2",
      "resolved": "https://registry.npmjs.org/@noble/hashes/-/hashes-1.3.2.tgz",
      "integrity": "sha512-MVC8EAQp7MvEcm30KWENFjgR+Mkmf+D189XJTkFIlwohU5hcBbn1ZkKq7KVTi2Hme3PMGF390DaL52beVrIihQ==",
      "license": "MIT",
      "engines": {
        "node": ">= 16"
      },
      "funding": {
        "url": "https://paulmillr.com/funding/"
      }
    },
    "node_modules/@scure/base": {
      "version": "1.2.6",
      "resolved": "https://registry.npmjs.org/@scure/base/-/base-1.2.6.tgz",
      "integrity": "sha512-g/nm5FgUa//MCj1gV09zTJTaM6KBAHqLN907YVQqf7zC49+DcO4B1so4ZX07Ef10Twr6nuqYEH9GEggFXA4Fmg==",
      "license": "MIT",
      "funding": {
        "url": "https://paulmillr.com/funding/"
      }
    },
    "node_modules/@scure/bip32": {
      "version": "1.7.0",
      "resolved": "https://registry.npmjs.org/@scure/bip32/-/bip32-1.7.0.tgz",
      "integrity": "sha512-E4FFX/N3f4B80AKWp5dP6ow+flD1LQZo/w8UnLGYZO674jS6YnYeepycOOksv+vLPSpgN35wgKgy+ybfTb2SMw==",
      "license": "MIT",
      "dependencies": {
        "@noble/curves": "~1.9.0",
        "@noble/hashes": "~1.8.0",
        "@scure/base": "~1.2.5"
      },
      "funding": {
        "url": "https://paulmillr.com/funding/"
      }
    },
    "node_modules/@scure/bip32/node_modules/@noble/curves": {
      "version": "1.9.7",
      "resolved": "https://registry.npmjs.org/@noble/curves/-/curves-1.9.7.tgz",
      "integrity": "sha512-gbKGcRUYIjA3/zCCNaWDciTMFI0dCkvou3TL8Zmy5Nc7sJ47a0jtOeZoTaMxkuqRo9cRhjOdZJXegxYE5FN/xw==",
      "license": "MIT",
      "dependencies": {
        "@noble/hashes": "1.8.0"
      },
      "engines": {
        "node": "^14.21.3 || >=16"
      },
      "funding": {
        "url": "https://paulmillr.com/funding/"
      }
    },
    "node_modules/@scure/bip32/node_modules/@noble/hashes": {
      "version": "1.8.0",
      "resolved": "https://registry.npmjs.org/@noble/hashes/-/hashes-1.8.0.tgz",
      "integrity": "sha512-jCs9ldd7NwzpgXDIf6P3+NrHh9/sD6CQdxHyjQI+h/6rDNo88ypBxxz45UDuZHz9r3tNz7N/VInSVoVdtXEI4A==",
      "license": "MIT",
      "engines": {
        "node": "^14.21.3 || >=16"
      },
      "funding": {
        "url": "https://paulmillr.com/funding/"
      }
    },
    "node_modules/@scure/bip39": {
      "version": "1.6.0",
      "resolved": "https://registry.npmjs.org/@scure/bip39/-/bip39-1.6.0.tgz",
      "integrity": "sha512-+lF0BbLiJNwVlev4eKelw1WWLaiKXw7sSl8T6FvBlWkdX+94aGJ4o8XjUdlyhTCjd8c+B3KT3JfS8P0bLRNU6A==",
      "license": "MIT",
      "dependencies": {
        "@noble/hashes": "~1.8.0",
        "@scure/base": "~1.2.5"
      },
      "funding": {
        "url": "https://paulmillr.com/funding/"
      }
    },
    "node_modules/@scure/bip39/node_modules/@noble/hashes": {
      "version": "1.8.0",
      "resolved": "https://registry.npmjs.org/@noble/hashes/-/hashes-1.8.0.tgz",
      "integrity": "sha512-jCs9ldd7NwzpgXDIf6P3+NrHh9/sD6CQdxHyjQI+h/6rDNo88ypBxxz45UDuZHz9r3tNz7N/VInSVoVdtXEI4A==",
      "license": "MIT",
      "engines": {
        "node": "^14.21.3 || >=16"
      },
      "funding": {
        "url": "https://paulmillr.com/funding/"
      }
    },
    "node_modules/@types/node": {
      "version": "22.7.5",
      "resolved": "https://registry.npmjs.org/@types/node/-/node-22.7.5.tgz",
      "integrity": "sha512-jML7s2NAzMWc//QSJ1a3prpk78cOPchGvXJsC3C6R6PSMoooztvRVQEz89gmBTBY1SPMaqo5teB4uNHPdetShQ==",
      "license": "MIT",
      "dependencies": {
        "undici-types": "~6.19.2"
      }
    },
    "node_modules/abitype": {
      "version": "1.2.3",
      "resolved": "https://registry.npmjs.org/abitype/-/abitype-1.2.3.tgz",
      "integrity": "sha512-Ofer5QUnuUdTFsBRwARMoWKOH1ND5ehwYhJ3OJ/BQO+StkwQjHw0XyVh4vDttzHB7QOFhPHa/o413PJ82gU/Tg==",
      "license": "MIT",
      "funding": {
        "url": "https://github.com/sponsors/wevm"
      },
      "peerDependencies": {
        "typescript": ">=5.0.4",
        "zod": "^3.22.0 || ^4.0.0"
      },
      "peerDependenciesMeta": {
        "typescript": {
          "optional": true
        },
        "zod": {
          "optional": true
        }
      }
    },
    "node_modules/aes-js": {
      "version": "4.0.0-beta.5",
      "resolved": "https://registry.npmjs.org/aes-js/-/aes-js-4.0.0-beta.5.tgz",
      "integrity": "sha512-G965FqalsNyrPqgEGON7nIx1e/OVENSgiEIzyC63haUMuvNnwIgIjMs52hlTCKhkBny7A2ORNlfY9Zu+jmGk1Q==",
      "license": "MIT"
    },
    "node_modules/asn1js": {
      "version": "3.0.7",
      "resolved": "https://registry.npmjs.org/asn1js/-/asn1js-3.0.7.tgz",
      "integrity": "sha512-uLvq6KJu04qoQM6gvBfKFjlh6Gl0vOKQuR5cJMDHQkmwfMOQeN3F3SHCv9SNYSL+CRoHvOGFfllDlVz03GQjvQ==",
      "license": "BSD-3-Clause",
      "dependencies": {
        "pvtsutils": "^1.3.6",
        "pvutils": "^1.1.3",
        "tslib": "^2.8.1"
      },
      "engines": {
        "node": ">=12.0.0"
      }
    },
    "node_modules/asn1js/node_modules/tslib": {
      "version": "2.8.1",
      "resolved": "https://registry.npmjs.org/tslib/-/tslib-2.8.1.tgz",
      "integrity": "sha512-oJFu94HQb+KVduSUQL7wnpmqnfmLsOA/nAh6b6EH0wCEoK0/mPeXU6c3wKDV83MkOuHPRHtSXKKU99IBazS/2w==",
      "license": "0BSD"
    },
    "node_modules/blakejs": {
      "version": "1.2.1",
      "resolved": "https://registry.npmjs.org/blakejs/-/blakejs-1.2.1.tgz",
      "integrity": "sha512-QXUSXI3QVc/gJME0dBpXrag1kbzOqCjCX8/b54ntNyW6sjtoqxqRk3LTmXzaJoh71zMsDCjM+47jS7XiwN/+fQ==",
      "license": "MIT"
    },
    "node_modules/bytestreamjs": {
      "version": "2.0.1",
      "resolved": "https://registry.npmjs.org/bytestreamjs/-/bytestreamjs-2.0.1.tgz",
      "integrity": "sha512-U1Z/ob71V/bXfVABvNr/Kumf5VyeQRBEm6Txb0PQ6S7V5GpBM3w4Cbqz/xPDicR5tN0uvDifng8C+5qECeGwyQ==",
      "license": "BSD-3-Clause",
      "engines": {
        "node": ">=6.0.0"
      }
    },
    "node_modules/cbor2": {
      "version": "1.12.0",
      "resolved": "https://registry.npmjs.org/cbor2/-/cbor2-1.12.0.tgz",
      "integrity": "sha512-3Cco8XQhi27DogSp9Ri6LYNZLi/TBY/JVnDe+mj06NkBjW/ZYOtekaEU4wZ4xcRMNrFkDv8KNtOAqHyDfz3lYg==",
      "license": "MIT",
      "engines": {
        "node": ">=18.7"
      }
    },
    "node_modules/dotenv": {
      "version": "16.6.1",
      "resolved": "https://registry.npmjs.org/dotenv/-/dotenv-16.6.1.tgz",
      "integrity": "sha512-uBq4egWHTcTt33a72vpSG0z3HnPuIl6NqYcTrKEg2azoEyl2hpW0zqlxysq2pK9HlDIHyHyakeYaYnSAwd8bow==",
      "license": "BSD-2-Clause",
      "engines": {
        "node": ">=12"
      },
      "funding": {
        "url": "https://dotenvx.com"
      }
    },
    "node_modules/ethers": {
      "version": "6.16.0",
      "resolved": "https://registry.npmjs.org/ethers/-/ethers-6.16.0.tgz",
      "integrity": "sha512-U1wulmetNymijEhpSEQ7Ct/P/Jw9/e7R1j5XIbPRydgV2DjLVMsULDlNksq3RQnFgKoLlZf88ijYtWEXcPa07A==",
      "funding": [
        {
          "type": "individual",
          "url": "https://github.com/sponsors/ethers-io/"
        },
        {
          "type": "individual",
          "url": "https://www.buymeacoffee.com/ricmoo"
        }
      ],
      "license": "MIT",
      "dependencies": {
        "@adraffy/ens-normalize": "1.10.1",
        "@noble/curves": "1.2.0",
        "@noble/hashes": "1.3.2",
        "@types/node": "22.7.5",
        "aes-js": "4.0.0-beta.5",
        "tslib": "2.7.0",
        "ws": "8.17.1"
      },
      "engines": {
        "node": ">=14.0.0"
      }
    },
    "node_modules/eventemitter3": {
      "version": "5.0.1",
      "resolved": "https://registry.npmjs.org/eventemitter3/-/eventemitter3-5.0.1.tgz",
      "integrity": "sha512-GWkBvjiSZK87ELrYOSESUYeVIc9mvLLf/nXalMOS5dYrgZq9o5OVkbZAVM06CVxYsCwH9BDZFPlQTlPA1j4ahA==",
      "license": "MIT"
    },
    "node_modules/idb": {
      "version": "8.0.3",
      "resolved": "https://registry.npmjs.org/idb/-/idb-8.0.3.tgz",
      "integrity": "sha512-LtwtVyVYO5BqRvcsKuB2iUMnHwPVByPCXFXOpuU96IZPPoPN6xjOGxZQ74pgSVVLQWtUOYgyeL4GE98BY5D3wg==",
      "license": "ISC"
    },
    "node_modules/isows": {
      "version": "1.0.7",
      "resolved": "https://registry.npmjs.org/isows/-/isows-1.0.7.tgz",
      "integrity": "sha512-I1fSfDCZL5P0v33sVqeTDSpcstAg/N+wF5HS033mogOVIp4B+oHC7oOCsA3axAbBSGTJ8QubbNmnIRN/h8U7hg==",
      "funding": [
        {
          "type": "github",
          "url": "https://github.com/sponsors/wevm"
        }
      ],
      "license": "MIT",
      "peerDependencies": {
        "ws": "*"
      }
    },
    "node_modules/js-base64": {
      "version": "3.7.8",
      "resolved": "https://registry.npmjs.org/js-base64/-/js-base64-3.7.8.tgz",
      "integrity": "sha512-hNngCeKxIUQiEUN3GPJOkz4wF/YvdUdbNL9hsBcMQTkKzboD7T/q3OYOuuPZLUE6dBxSGpwhk5mwuDud7JVAow==",
      "license": "BSD-3-Clause"
    },
    "node_modules/json-canonicalize": {
      "version": "2.0.0",
      "resolved": "https://registry.npmjs.org/json-canonicalize/-/json-canonicalize-2.0.0.tgz",
      "integrity": "sha512-yyrnK/mEm6Na3ChbJUWueXdapueW0p380RUyTW87XGb1ww8l8hU0pRrGC3vSWHe9CxrbPHX2fGUOZpNiHR0IIg==",
      "license": "MIT"
    },
    "node_modules/jwt-decode": {
      "version": "4.0.0",
      "resolved": "https://registry.npmjs.org/jwt-decode/-/jwt-decode-4.0.0.tgz",
      "integrity": "sha512-+KJGIyHgkGuIq3IEBNftfhW/LfWhXUIY6OmyVWjliu5KH1y0fw7VQ8YndE2O4qZdMSd9SqbnC8GOcZEy0Om7sA==",
      "license": "MIT",
      "engines": {
        "node": ">=18"
      }
    },
    "node_modules/mipd": {
      "version": "0.0.7",
      "resolved": "https://registry.npmjs.org/mipd/-/mipd-0.0.7.tgz",
      "integrity": "sha512-aAPZPNDQ3uMTdKbuO2YmAw2TxLHO0moa4YKAyETM/DTj5FloZo+a+8tU+iv4GmW+sOxKLSRwcSFuczk+Cpt6fg==",
      "funding": [
        {
          "type": "github",
          "url": "https://github.com/sponsors/wagmi-dev"
        }
      ],
      "license": "MIT",
      "peerDependencies": {
        "typescript": ">=5.0.4"
      },
      "peerDependenciesMeta": {
        "typescript": {
          "optional": true
        }
      }
    },
    "node_modules/pkijs": {
      "version": "3.3.3",
      "resolved": "https://registry.npmjs.org/pkijs/-/pkijs-3.3.3.tgz",
      "integrity": "sha512-+KD8hJtqQMYoTuL1bbGOqxb4z+nZkTAwVdNtWwe8Tc2xNbEmdJYIYoc6Qt0uF55e6YW6KuTHw1DjQ18gMhzepw==",
      "license": "BSD-3-Clause",
      "dependencies": {
        "@noble/hashes": "1.4.0",
        "asn1js": "^3.0.6",
        "bytestreamjs": "^2.0.1",
        "pvtsutils": "^1.3.6",
        "pvutils": "^1.1.3",
        "tslib": "^2.8.1"
      },
      "engines": {
        "node": ">=16.0.0"
      }
    },
    "node_modules/pkijs/node_modules/@noble/hashes": {
      "version": "1.4.0",
      "resolved": "https://registry.npmjs.org/@noble/hashes/-/hashes-1.4.0.tgz",
      "integrity": "sha512-V1JJ1WTRUqHHrOSh597hURcMqVKVGL/ea3kv0gSnEdsEZ0/+VyPghM1lMNGc00z7CIQorSvbKpuJkxvuHbvdbg==",
      "license": "MIT",
      "engines": {
        "node": ">= 16"
      },
      "funding": {
        "url": "https://paulmillr.com/funding/"
      }
    },
    "node_modules/pkijs/node_modules/tslib": {
      "version": "2.8.1",
      "resolved": "https://registry.npmjs.org/tslib/-/tslib-2.8.1.tgz",
      "integrity": "sha512-oJFu94HQb+KVduSUQL7wnpmqnfmLsOA/nAh6b6EH0wCEoK0/mPeXU6c3wKDV83MkOuHPRHtSXKKU99IBazS/2w==",
      "license": "0BSD"
    },
    "node_modules/pvtsutils": {
      "version": "1.3.6",
      "resolved": "https://registry.npmjs.org/pvtsutils/-/pvtsutils-1.3.6.tgz",
      "integrity": "sha512-PLgQXQ6H2FWCaeRak8vvk1GW462lMxB5s3Jm673N82zI4vqtVUPuZdffdZbPDFRoU8kAhItWFtPCWiPpp4/EDg==",
      "license": "MIT",
      "dependencies": {
        "tslib": "^2.8.1"
      }
    },
    "node_modules/pvtsutils/node_modules/tslib": {
      "version": "2.8.1",
      "resolved": "https://registry.npmjs.org/tslib/-/tslib-2.8.1.tgz",
      "integrity": "sha512-oJFu94HQb+KVduSUQL7wnpmqnfmLsOA/nAh6b6EH0wCEoK0/mPeXU6c3wKDV83MkOuHPRHtSXKKU99IBazS/2w==",
      "license": "0BSD"
    },
    "node_modules/pvutils": {
      "version": "1.1.5",
      "resolved": "https://registry.npmjs.org/pvutils/-/pvutils-1.1.5.tgz",
      "integrity": "sha512-KTqnxsgGiQ6ZAzZCVlJH5eOjSnvlyEgx1m8bkRJfOhmGRqfo5KLvmAlACQkrjEtOQ4B7wF9TdSLIs9O90MX9xA==",
      "license": "MIT",
      "engines": {
        "node": ">=16.0.0"
      }
    },
    "node_modules/tslib": {
      "version": "2.7.0",
      "resolved": "https://registry.npmjs.org/tslib/-/tslib-2.7.0.tgz",
      "integrity": "sha512-gLXCKdN1/j47AiHiOkJN69hJmcbGTHI0ImLmbYLHykhgeN0jVGola9yVjFgzCUklsZQMW55o+dW7IXv3RCXDzA==",
      "license": "0BSD"
    },
    "node_modules/tweetnacl": {
      "version": "1.0.3",
      "resolved": "https://registry.npmjs.org/tweetnacl/-/tweetnacl-1.0.3.tgz",
      "integrity": "sha512-6rt+RN7aOi1nGMyC4Xa5DdYiukl2UWCbcJft7YhxReBGQD7OAM8Pbxw6YMo4r2diNEA8FEmu32YOn9rhaiE5yw==",
      "license": "Unlicense"
    },
    "node_modules/tweetnacl-sealedbox-js": {
      "version": "1.2.0",
      "resolved": "https://registry.npmjs.org/tweetnacl-sealedbox-js/-/tweetnacl-sealedbox-js-1.2.0.tgz",
      "integrity": "sha512-QoCr8K2hwri+ky7SUa22oSre8g88XaWi0hwwWd16pJMuDyn5gL/UyE0PyR2EOFEMJ70T2trJ9+Sv+Qa18olEmQ==",
      "license": "MIT",
      "dependencies": {
        "blakejs": "^1.1.0",
        "tweetnacl": "^1.0.1"
      }
    },
    "node_modules/undici-types": {
      "version": "6.19.8",
      "resolved": "https://registry.npmjs.org/undici-types/-/undici-types-6.19.8.tgz",
      "integrity": "sha512-ve2KP6f/JnbPBFyobGHuerC9g1FYGn/F8n1LWTwNxCEzd6IfqTwUQcNXgEtmmQ6DlRrC1hrSrBnCZPokRrDHjw==",
      "license": "MIT"
    },
    "node_modules/uuid": {
      "version": "13.0.0",
      "resolved": "https://registry.npmjs.org/uuid/-/uuid-13.0.0.tgz",
      "integrity": "sha512-XQegIaBTVUjSHliKqcnFqYypAd4S+WCYt5NIeRs6w/UAry7z8Y9j5ZwRRL4kzq9U3sD6v+85er9FvkEaBpji2w==",
      "funding": [
        "https://github.com/sponsors/broofa",
        "https://github.com/sponsors/ctavan"
      ],
      "license": "MIT",
      "bin": {
        "uuid": "dist-node/bin/uuid"
      }
    },
    "node_modules/viem": {
      "version": "2.45.3",
      "resolved": "https://registry.npmjs.org/viem/-/viem-2.45.3.tgz",
      "integrity": "sha512-axOD7rIbGiDHHA1MHKmpqqTz3CMCw7YpE/FVypddQMXL5i364VkNZh9JeEJH17NO484LaZUOMueo35IXyL76Mw==",
      "funding": [
        {
          "type": "github",
          "url": "https://github.com/sponsors/wevm"
        }
      ],
      "license": "MIT",
      "dependencies": {
        "@noble/curves": "1.9.1",
        "@noble/hashes": "1.8.0",
        "@scure/bip32": "1.7.0",
        "@scure/bip39": "1.6.0",
        "abitype": "1.2.3",
        "isows": "1.0.7",
        "ox": "0.12.1",
        "ws": "8.18.3"
      },
      "peerDependencies": {
        "typescript": ">=5.0.4"
      },
      "peerDependenciesMeta": {
        "typescript": {
          "optional": true
        }
      }
    },
    "node_modules/viem/node_modules/@adraffy/ens-normalize": {
      "version": "1.11.1",
      "resolved": "https://registry.npmjs.org/@adraffy/ens-normalize/-/ens-normalize-1.11.1.tgz",
      "integrity": "sha512-nhCBV3quEgesuf7c7KYfperqSS14T8bYuvJ8PcLJp6znkZpFc0AuW4qBtr8eKVyPPe/8RSr7sglCWPU5eaxwKQ==",
      "license": "MIT"
    },
    "node_modules/viem/node_modules/@noble/curves": {
      "version": "1.9.1",
      "resolved": "https://registry.npmjs.org/@noble/curves/-/curves-1.9.1.tgz",
      "integrity": "sha512-k11yZxZg+t+gWvBbIswW0yoJlu8cHOC7dhunwOzoWH/mXGBiYyR4YY6hAEK/3EUs4UpB8la1RfdRpeGsFHkWsA==",
      "license": "MIT",
      "dependencies": {
        "@noble/hashes": "1.8.0"
      },
      "engines": {
        "node": "^14.21.3 || >=16"
      },
      "funding": {
        "url": "https://paulmillr.com/funding/"
      }
    },
    "node_modules/viem/node_modules/@noble/hashes": {
      "version": "1.8.0",
      "resolved": "https://registry.npmjs.org/@noble/hashes/-/hashes-1.8.0.tgz",
      "integrity": "sha512-jCs9ldd7NwzpgXDIf6P3+NrHh9/sD6CQdxHyjQI+h/6rDNo88ypBxxz45UDuZHz9r3tNz7N/VInSVoVdtXEI4A==",
      "license": "MIT",
      "engines": {
        "node": "^14.21.3 || >=16"
      },
      "funding": {
        "url": "https://paulmillr.com/funding/"
      }
    },
    "node_modules/viem/node_modules/ox": {
      "version": "0.12.1",
      "resolved": "https://registry.npmjs.org/ox/-/ox-0.12.1.tgz",
      "integrity": "sha512-uU0llpthaaw4UJoXlseCyBHmQ3bLrQmz9rRLIAUHqv46uHuae9SE+ukYBRIPVCnlEnHKuWjDUcDFHWx9gbGNoA==",
      "funding": [
        {
          "type": "github",
          "url": "https://github.com/sponsors/wevm"
        }
      ],
      "license": "MIT",
      "dependencies": {
        "@adraffy/ens-normalize": "^1.11.0",
        "@noble/ciphers": "^1.3.0",
        "@noble/curves": "1.9.1",
        "@noble/hashes": "^1.8.0",
        "@scure/bip32": "^1.7.0",
        "@scure/bip39": "^1.6.0",
        "abitype": "^1.2.3",
        "eventemitter3": "5.0.1"
      },
      "peerDependencies": {
        "typescript": ">=5.4.0"
      },
      "peerDependenciesMeta": {
        "typescript": {
          "optional": true
        }
      }
    },
    "node_modules/viem/node_modules/ws": {
      "version": "8.18.3",
      "resolved": "https://registry.npmjs.org/ws/-/ws-8.18.3.tgz",
      "integrity": "sha512-PEIGCY5tSlUt50cqyMXfCzX+oOPqN0vuGqWzbcJ2xvnkzkq46oOpz7dQaTDBdfICb4N14+GARUDw2XV2N4tvzg==",
      "license": "MIT",
      "engines": {
        "node": ">=10.0.0"
      },
      "peerDependencies": {
        "bufferutil": "^4.0.1",
        "utf-8-validate": ">=5.0.2"
      },
      "peerDependenciesMeta": {
        "bufferutil": {
          "optional": true
        },
        "utf-8-validate": {
          "optional": true
        }
      }
    },
    "node_modules/ws": {
      "version": "8.17.1",
      "resolved": "https://registry.npmjs.org/ws/-/ws-8.17.1.tgz",
      "integrity": "sha512-6XQFvXTkbfUOZOKKILFG1PDK2NDQs4azKQl26T0YS5CxqWLgXajbPZ+h4gZekJyRqFU8pvnbAbbs/3TgRPy+GQ==",
      "license": "MIT",
      "engines": {
        "node": ">=10.0.0"
      },
      "peerDependencies": {
        "bufferutil": "^4.0.1",
        "utf-8-validate": ">=5.0.2"
      },
      "peerDependenciesMeta": {
        "bufferutil": {
          "optional": true
        },
        "utf-8-validate": {
          "optional": true
        }
      }
    }
  }
}
